
Microsoft Visual Studio Solution File, Format Version 12.00
Project("{2150E333-8FDC-42A3-9474-1A3956D46DE8}") = "Services", "Services", "{C502DE64-7FB8-4656-A407-E887179EE6A5}"
EndProject
Project("{2150E333-8FDC-42A3-9474-1A3956D46DE8}") = "WebApps", "WebApps", "{5CE2B119-B144-4EB4-8140-B4C160E9BFD2}"
EndProject
Project("{2150E333-8FDC-42A3-9474-1A3956D46DE8}") = "Cadastros", "Cadastros", "{15CBCB3E-4C05-4E0A-9B55-3427A41D120E}"
EndProject
Project("{2150E333-8FDC-42A3-9474-1A3956D46DE8}") = "Catalogo", "Catalogo", "{B7477448-01EF-4058-AE3A-BD06D9DBCA2A}"
EndProject
Project("{2150E333-8FDC-42A3-9474-1A3956D46DE8}") = "Core", "Core", "{C199549B-22AD-4E72-AF66-B4C3BCC1275E}"
EndProject
Project("{2150E333-8FDC-42A3-9474-1A3956D46DE8}") = "Fiscal", "Fiscal", "{5678FAC6-C749-437A-B7AC-3D28FD6186A3}"
EndProject
Project("{2150E333-8FDC-42A3-9474-1A3956D46DE8}") = "Vendas", "Vendas", "{D84AB00E-8745-4ED0-979F-B2700BF5C7B5}"
EndProject
Project("{FAE04EC0-301F-11D3-BF4B-00C04F79EFBC}") = "NerdStore.Catalogo.Domain", "sources\NerdStore.Catalogo.Domain\NerdStore.Catalogo.Domain.csproj", "{8AB4F132-E676-4623-880C-D12659B95800}"
EndProject
Project("{FAE04EC0-301F-11D3-BF4B-00C04F79EFBC}") = "NerdStore.core", "sources\NerdStore.core\NerdStore.core.csproj", "{E5EB5A88-1914-46E9-8A6D-90B18163FF19}"
EndProject
Global
	GlobalSection(SolutionConfigurationPlatforms) = preSolution
		Debug|Any CPU = Debug|Any CPU
		Release|Any CPU = Release|Any CPU
	EndGlobalSection
	GlobalSection(NestedProjects) = preSolution
		{15CBCB3E-4C05-4E0A-9B55-3427A41D120E} = {C502DE64-7FB8-4656-A407-E887179EE6A5}
		{B7477448-01EF-4058-AE3A-BD06D9DBCA2A} = {C502DE64-7FB8-4656-A407-E887179EE6A5}
		{C199549B-22AD-4E72-AF66-B4C3BCC1275E} = {C502DE64-7FB8-4656-A407-E887179EE6A5}
		{5678FAC6-C749-437A-B7AC-3D28FD6186A3} = {C502DE64-7FB8-4656-A407-E887179EE6A5}
		{D84AB00E-8745-4ED0-979F-B2700BF5C7B5} = {C502DE64-7FB8-4656-A407-E887179EE6A5}
		{8AB4F132-E676-4623-880C-D12659B95800} = {B7477448-01EF-4058-AE3A-BD06D9DBCA2A}
		{E5EB5A88-1914-46E9-8A6D-90B18163FF19} = {C199549B-22AD-4E72-AF66-B4C3BCC1275E}
	EndGlobalSection
	GlobalSection(ProjectConfigurationPlatforms) = postSolution
		{8AB4F132-E676-4623-880C-D12659B95800}.Debug|Any CPU.ActiveCfg = Debug|Any CPU
		{8AB4F132-E676-4623-880C-D12659B95800}.Debug|Any CPU.Build.0 = Debug|Any CPU
		{8AB4F132-E676-4623-880C-D12659B95800}.Release|Any CPU.ActiveCfg = Release|Any CPU
		{8AB4F132-E676-4623-880C-D12659B95800}.Release|Any CPU.Build.0 = Release|Any CPU
		{E5EB5A88-1914-46E9-8A6D-90B18163FF19}.Debug|Any CPU.ActiveCfg = Debug|Any CPU
		{E5EB5A88-1914-46E9-8A6D-90B18163FF19}.Debug|Any CPU.Build.0 = Debug|Any CPU
		{E5EB5A88-1914-46E9-8A6D-90B18163FF19}.Release|Any CPU.ActiveCfg = Release|Any CPU
		{E5EB5A88-1914-46E9-8A6D-90B18163FF19}.Release|Any CPU.Build.0 = Release|Any CPU
	EndGlobalSection
EndGlobal
